
Microsoft Visual Studio Solution File, Format Version 12.00
# Visual Studio Version 16
VisualStudioVersion = 16.0.31112.23
MinimumVisualStudioVersion = 10.0.40219.1
Project("{9A19103F-16F7-4668-BE54-9A1E7A4F7556}") = "FirstGame.Web.UI", "FirstGame.Web.UI\FirstGame.Web.UI.csproj", "{C82046C9-221F-43A8-932C-7A2E05B171F1}"
EndProject
Project("{2150E333-8FDC-42A3-9474-1A3956D46DE8}") = "Exemples", "Exemples", "{DFC4B79D-4B82-4E6C-AD58-7B722D26C200}"
EndProject
Project("{9A19103F-16F7-4668-BE54-9A1E7A4F7556}") = "FirstGame.Core.Data", "FirstGame.Core.Data\FirstGame.Core.Data.csproj", "{3025C0D9-DF56-49D6-8F8C-1D76147571DE}"
EndProject
Project("{2150E333-8FDC-42A3-9474-1A3956D46DE8}") = "Libs", "Libs", "{FD1048DB-9FC8-475B-A91B-B53F28EB6BD8}"
EndProject
Project("{9A19103F-16F7-4668-BE54-9A1E7A4F7556}") = "FirstGame.BackOffice.Web.UI", "FirstGame.BackOffice.Web.UI\FirstGame.BackOffice.Web.UI.csproj", "{31ECE8FA-47D7-48A9-A116-105094A4FC4E}"
EndProject
Project("{FAE04EC0-301F-11D3-BF4B-00C04F79EFBC}") = "TestEFCore5", "TestEFCore5\TestEFCore5.csproj", "{1FD085B2-46A0-4B59-BCE7-0FE532C70596}"
EndProject
Global
	GlobalSection(SolutionConfigurationPlatforms) = preSolution
		Debug|Any CPU = Debug|Any CPU
		Release|Any CPU = Release|Any CPU
	EndGlobalSection
	GlobalSection(ProjectConfigurationPlatforms) = postSolution
		{C82046C9-221F-43A8-932C-7A2E05B171F1}.Debug|Any CPU.ActiveCfg = Debug|Any CPU
		{C82046C9-221F-43A8-932C-7A2E05B171F1}.Debug|Any CPU.Build.0 = Debug|Any CPU
		{C82046C9-221F-43A8-932C-7A2E05B171F1}.Release|Any CPU.ActiveCfg = Release|Any CPU
		{C82046C9-221F-43A8-932C-7A2E05B171F1}.Release|Any CPU.Build.0 = Release|Any CPU
		{3025C0D9-DF56-49D6-8F8C-1D76147571DE}.Debug|Any CPU.ActiveCfg = Debug|Any CPU
		{3025C0D9-DF56-49D6-8F8C-1D76147571DE}.Debug|Any CPU.Build.0 = Debug|Any CPU
		{3025C0D9-DF56-49D6-8F8C-1D76147571DE}.Release|Any CPU.ActiveCfg = Release|Any CPU
		{3025C0D9-DF56-49D6-8F8C-1D76147571DE}.Release|Any CPU.Build.0 = Release|Any CPU
		{31ECE8FA-47D7-48A9-A116-105094A4FC4E}.Debug|Any CPU.ActiveCfg = Debug|Any CPU
		{31ECE8FA-47D7-48A9-A116-105094A4FC4E}.Debug|Any CPU.Build.0 = Debug|Any CPU
		{31ECE8FA-47D7-48A9-A116-105094A4FC4E}.Release|Any CPU.ActiveCfg = Release|Any CPU
		{31ECE8FA-47D7-48A9-A116-105094A4FC4E}.Release|Any CPU.Build.0 = Release|Any CPU
		{1FD085B2-46A0-4B59-BCE7-0FE532C70596}.Debug|Any CPU.ActiveCfg = Debug|Any CPU
		{1FD085B2-46A0-4B59-BCE7-0FE532C70596}.Debug|Any CPU.Build.0 = Debug|Any CPU
		{1FD085B2-46A0-4B59-BCE7-0FE532C70596}.Release|Any CPU.ActiveCfg = Release|Any CPU
		{1FD085B2-46A0-4B59-BCE7-0FE532C70596}.Release|Any CPU.Build.0 = Release|Any CPU
	EndGlobalSection
	GlobalSection(SolutionProperties) = preSolution
		HideSolutionNode = FALSE
	EndGlobalSection
	GlobalSection(NestedProjects) = preSolution
		{3025C0D9-DF56-49D6-8F8C-1D76147571DE} = {FD1048DB-9FC8-475B-A91B-B53F28EB6BD8}
	EndGlobalSection
	GlobalSection(ExtensibilityGlobals) = postSolution
		SolutionGuid = {BBA48322-28C8-443F-9327-79B9253DED4B}
	EndGlobalSection
EndGlobal
